PODS:
  - SnapKit (4.0.0)
  - ZXLoadingView (1.4.0)

DEPENDENCIES:
  - SnapKit (~> 4.0.0)
  - ZXLoadingView (~> 1.4.0)

SPEC CHECKSUMS:
  SnapKit: a42d492c16e80209130a3379f73596c3454b7694
  ZXLoadingView: ac9a8597381cc4e62b73b287b37e92149f8c2b4b

PODFILE CHECKSUM: e2384863348240903273a95c9691f30539a8e3f3

COCOAPODS: 1.4.0.beta.2
